{
  "version": 4,
  "terraform_version": "0.14.4",
  "serial": 733,
  "lineage": "5fe28147-e7ee-4a94-bf77-5f561780b75b",
  "outputs": {},
  "resources": [
    {
      "mode": "managed",
      "type": "proxmox_vm_qemu",
      "name": "kube_p20",
      "provider": "provider[\"registry.terraform.io/telmate/proxmox\"]",
      "instances": [
        {
          "schema_version": 0,
          "attributes": {
            "agent": 1,
            "balloon": 0,
            "bios": "seabios",
            "boot": "cdn",
            "bootdisk": "virtio0",
            "bridge": "",
            "ci_wait": null,
            "cicustom": "user=local:snippets/user-data-cicustom.yaml",
            "cipassword": "",
            "ciuser": "jon",
            "clone": "ubuntu-cloudinit-9003",
            "clone_wait": 15,
            "cores": 4,
            "cpu": "host",
            "define_connection_info": true,
            "desc": "",
            "disk": [
              {
                "backup": false,
                "cache": "none",
                "discard": "",
                "file": "vm-102-disk-0",
                "format": "",
                "iothread": false,
                "mbps": 0,
                "mbps_rd": 0,
                "mbps_rd_max": 0,
                "mbps_wr": 0,
                "mbps_wr_max": 0,
                "media": "",
                "replicate": false,
                "size": "8G",
                "slot": 0,
                "ssd": false,
                "storage": "zfs1",
                "type": "scsi",
                "volume": "zfs1:vm-102-disk-0"
              },
              {
                "backup": false,
                "cache": "none",
                "discard": "",
                "file": "vm-102-disk-1",
                "format": "",
                "iothread": false,
                "mbps": 0,
                "mbps_rd": 0,
                "mbps_rd_max": 0,
                "mbps_wr": 0,
                "mbps_wr_max": 0,
                "media": "",
                "replicate": false,
                "size": "100G",
                "slot": 1,
                "ssd": false,
                "storage": "zfs1",
                "type": "scsi",
                "volume": "zfs1:vm-102-disk-1"
              }
            ],
            "disk_gb": 0,
            "force_create": false,
            "force_recreate_on_change_of": null,
            "full_clone": true,
            "hastate": "",
            "hotplug": "network,disk,usb",
            "id": "p20/qemu/102",
            "ipconfig0": "ip=10.20.10.100/24,gw=10.20.10.1",
            "ipconfig1": "",
            "ipconfig2": "",
            "iso": null,
            "kvm": true,
            "mac": "",
            "memory": 12000,
            "name": "kube1",
            "nameserver": "9.9.9.9",
            "network": [
              {
                "bridge": "lxdbr0",
                "firewall": false,
                "link_down": false,
                "macaddr": "3A:23:E6:72:2E:BE",
                "model": "virtio",
                "queues": 0,
                "rate": 0,
                "tag": -1
              }
            ],
            "nic": "",
            "numa": false,
            "onboot": true,
            "os_network_config": null,
            "os_type": null,
            "pool": "",
            "preprovision": true,
            "qemu_os": "other",
            "scsihw": "virtio-scsi-pci",
            "searchdomain": "",
            "serial": [],
            "sockets": 1,
            "ssh_forward_ip": null,
            "ssh_host": "10.20.10.100",
            "ssh_port": "22",
            "ssh_private_key": null,
            "ssh_user": null,
            "sshkeys": "  ssh-ed25519 AAAAC3NzaC1lZDI1NTE5AAAAIJjM78UyIQWNbMsca2qafeshPflijH8HbbsKuTTZqB1F jon@DESKTOP-SNM4E2E\n  ssh-ed25519 AAAAC3NzaC1lZDI1NTE5AAAAIGlAs2ApLH1sTfDTfYvFDcDS5cyAdkCqcJ28D+4Lpuyo jon@troon\n  ssh-ed25519 AAAAC3NzaC1lZDI1NTE5AAAAIJpASWQUj+UkSv2M4kgxMEeM3oUYtKI54N1CVnwKrk9A root@salt\n\n\n",
            "storage": "",
            "storage_type": "",
            "target_node": "p20",
            "vcpus": 0,
            "vga": [],
            "vlan": -1,
            "vmid": 0
          },
          "sensitive_attributes": [],
          "private": "bnVsbA=="
        }
      ]
    },
    {
      "mode": "managed",
      "type": "proxmox_vm_qemu",
      "name": "kube_p21",
      "provider": "provider[\"registry.terraform.io/telmate/proxmox\"]",
      "instances": [
        {
          "schema_version": 0,
          "attributes": {
            "agent": 1,
            "balloon": 0,
            "bios": "seabios",
            "boot": "cdn",
            "bootdisk": "virtio0",
            "bridge": "",
            "ci_wait": null,
            "cicustom": "user=local:snippets/user-data-cicustom.yaml",
            "cipassword": "",
            "ciuser": "jon",
            "clone": "ubuntu-cloudinit-9004",
            "clone_wait": 15,
            "cores": 4,
            "cpu": "host",
            "define_connection_info": true,
            "desc": "",
            "disk": [
              {
                "backup": false,
                "cache": "none",
                "discard": "",
                "file": "vm-101-disk-1",
                "format": "",
                "iothread": false,
                "mbps": 0,
                "mbps_rd": 0,
                "mbps_rd_max": 0,
                "mbps_wr": 0,
                "mbps_wr_max": 0,
                "media": "",
                "replicate": false,
                "size": "8G",
                "slot": 0,
                "ssd": false,
                "storage": "zfs1",
                "type": "scsi",
                "volume": "zfs1:vm-101-disk-1"
              },
              {
                "backup": false,
                "cache": "none",
                "discard": "",
                "file": "vm-101-disk-2",
                "format": "",
                "iothread": false,
                "mbps": 0,
                "mbps_rd": 0,
                "mbps_rd_max": 0,
                "mbps_wr": 0,
                "mbps_wr_max": 0,
                "media": "",
                "replicate": false,
                "size": "100G",
                "slot": 1,
                "ssd": false,
                "storage": "zfs1",
                "type": "scsi",
                "volume": "zfs1:vm-101-disk-2"
              }
            ],
            "disk_gb": 0,
            "force_create": false,
            "force_recreate_on_change_of": null,
            "full_clone": true,
            "hastate": "",
            "hotplug": "network,disk,usb",
            "id": "p21/qemu/101",
            "ipconfig0": "ip=10.21.10.100/24,gw=10.21.10.1",
            "ipconfig1": "",
            "ipconfig2": "",
            "iso": null,
            "kvm": true,
            "mac": "",
            "memory": 12000,
            "name": "kube2",
            "nameserver": "9.9.9.9",
            "network": [
              {
                "bridge": "lxdbr0",
                "firewall": false,
                "link_down": false,
                "macaddr": "52:BC:4A:4A:AB:86",
                "model": "virtio",
                "queues": 0,
                "rate": 0,
                "tag": -1
              }
            ],
            "nic": "",
            "numa": false,
            "onboot": true,
            "os_network_config": null,
            "os_type": null,
            "pool": "",
            "preprovision": true,
            "qemu_os": "other",
            "scsihw": "virtio-scsi-pci",
            "searchdomain": "",
            "serial": [],
            "sockets": 1,
            "ssh_forward_ip": null,
            "ssh_host": "10.21.10.100",
            "ssh_port": "22",
            "ssh_private_key": null,
            "ssh_user": null,
            "sshkeys": "  ssh-ed25519 AAAAC3NzaC1lZDI1NTE5AAAAIJjM78UyIQWNbMsca2qafeshPflijH8HbbsKuTTZqB1F jon@DESKTOP-SNM4E2E\n  ssh-ed25519 AAAAC3NzaC1lZDI1NTE5AAAAIGlAs2ApLH1sTfDTfYvFDcDS5cyAdkCqcJ28D+4Lpuyo jon@troon\n  ssh-ed25519 AAAAC3NzaC1lZDI1NTE5AAAAIJpASWQUj+UkSv2M4kgxMEeM3oUYtKI54N1CVnwKrk9A root@salt\n\n",
            "storage": "",
            "storage_type": "",
            "target_node": "p21",
            "vcpus": 0,
            "vga": [],
            "vlan": -1,
            "vmid": 0
          },
          "sensitive_attributes": [],
          "private": "bnVsbA=="
        }
      ]
    },
    {
      "mode": "managed",
      "type": "proxmox_vm_qemu",
      "name": "lb1",
      "provider": "provider[\"registry.terraform.io/telmate/proxmox\"]",
      "instances": [
        {
          "schema_version": 0,
          "attributes": {
            "agent": 1,
            "balloon": 0,
            "bios": "seabios",
            "boot": "cdn",
            "bootdisk": "virtio0",
            "bridge": "",
            "ci_wait": null,
            "cicustom": "user=local:snippets/user-data-cicustom.yaml",
            "cipassword": "",
            "ciuser": "jon",
            "clone": "ubuntu-cloudinit-9003",
            "clone_wait": 15,
            "cores": 1,
            "cpu": "host",
            "define_connection_info": true,
            "desc": "",
            "disk": [
              {
                "backup": false,
                "cache": "none",
                "discard": "",
                "file": "vm-201-disk-0",
                "format": "",
                "iothread": false,
                "mbps": 0,
                "mbps_rd": 0,
                "mbps_rd_max": 0,
                "mbps_wr": 0,
                "mbps_wr_max": 0,
                "media": "",
                "replicate": false,
                "size": "8G",
                "slot": 0,
                "ssd": false,
                "storage": "zfs1",
                "type": "virtio",
                "volume": "zfs1:vm-201-disk-0"
              }
            ],
            "disk_gb": 0,
            "force_create": false,
            "force_recreate_on_change_of": null,
            "full_clone": true,
            "hastate": "",
            "hotplug": "network,disk,usb",
            "id": "p20/qemu/201",
            "ipconfig0": "ip=10.20.10.253/24,gw=10.20.10.1",
            "ipconfig1": "ip=10.0.0.253/24",
            "ipconfig2": "",
            "iso": null,
            "kvm": true,
            "mac": "",
            "memory": 2048,
            "name": "lb1",
            "nameserver": "9.9.9.9",
            "network": [
              {
                "bridge": "lxdbr0",
                "firewall": false,
                "link_down": false,
                "macaddr": "CE:52:F8:1C:23:BA",
                "model": "virtio",
                "queues": 0,
                "rate": 0,
                "tag": -1
              },
              {
                "bridge": "evpn100",
                "firewall": false,
                "link_down": false,
                "macaddr": "92:63:3E:65:B0:3E",
                "model": "virtio",
                "queues": 0,
                "rate": 0,
                "tag": -1
              }
            ],
            "nic": "",
            "numa": false,
            "onboot": true,
            "os_network_config": null,
            "os_type": null,
            "pool": "",
            "preprovision": true,
            "qemu_os": "other",
            "scsihw": "virtio-scsi-pci",
            "searchdomain": "",
            "serial": [],
            "sockets": 1,
            "ssh_forward_ip": null,
            "ssh_host": "10.20.10.253",
            "ssh_port": "22",
            "ssh_private_key": null,
            "ssh_user": null,
            "sshkeys": "  ssh-ed25519 AAAAC3NzaC1lZDI1NTE5AAAAIJjM78UyIQWNbMsca2qafeshPflijH8HbbsKuTTZqB1F jon@DESKTOP-SNM4E2E\n  ssh-ed25519 AAAAC3NzaC1lZDI1NTE5AAAAIGlAs2ApLH1sTfDTfYvFDcDS5cyAdkCqcJ28D+4Lpuyo jon@troon\n  ssh-ed25519 AAAAC3NzaC1lZDI1NTE5AAAAIJpASWQUj+UkSv2M4kgxMEeM3oUYtKI54N1CVnwKrk9A root@salt\n\n\n",
            "storage": "",
            "storage_type": "",
            "target_node": "p20",
            "vcpus": 0,
            "vga": [],
            "vlan": -1,
            "vmid": 201
          },
          "sensitive_attributes": [],
          "private": "bnVsbA=="
        }
      ]
    },
    {
      "mode": "managed",
      "type": "proxmox_vm_qemu",
      "name": "lb2",
      "provider": "provider[\"registry.terraform.io/telmate/proxmox\"]",
      "instances": [
        {
          "schema_version": 0,
          "attributes": {
            "agent": 1,
            "balloon": 0,
            "bios": "seabios",
            "boot": "cdn",
            "bootdisk": "virtio0",
            "bridge": "",
            "ci_wait": null,
            "cicustom": "user=local:snippets/user-data-cicustom.yaml",
            "cipassword": "",
            "ciuser": "jon",
            "clone": "ubuntu-cloudinit-9004",
            "clone_wait": 15,
            "cores": 1,
            "cpu": "host",
            "define_connection_info": true,
            "desc": "HAproxy Load Balancer 2",
            "disk": [
              {
                "backup": false,
                "cache": "none",
                "discard": "",
                "file": "vm-202-disk-0",
                "format": "",
                "iothread": false,
                "mbps": 0,
                "mbps_rd": 0,
                "mbps_rd_max": 0,
                "mbps_wr": 0,
                "mbps_wr_max": 0,
                "media": "",
                "replicate": true,
                "size": "8G",
                "slot": 0,
                "ssd": false,
                "storage": "zfs1",
                "type": "scsi",
                "volume": "zfs1:vm-202-disk-0"
              }
            ],
            "disk_gb": 0,
            "force_create": false,
            "force_recreate_on_change_of": null,
            "full_clone": true,
            "hastate": "",
            "hotplug": "network,disk,usb",
            "id": "p21/qemu/202",
            "ipconfig0": "ip=10.21.10.254/24,gw=10.21.10.1",
            "ipconfig1": "ip=10.0.0.254/24",
            "ipconfig2": "",
            "iso": null,
            "kvm": true,
            "mac": "",
            "memory": 2048,
            "name": "lb2",
            "nameserver": "9.9.9.9",
            "network": [
              {
                "bridge": "lxdbr0",
                "firewall": false,
                "link_down": false,
                "macaddr": "96:68:25:D7:87:08",
                "model": "virtio",
                "queues": 0,
                "rate": 0,
                "tag": -1
              },
              {
                "bridge": "evpn100",
                "firewall": false,
                "link_down": false,
                "macaddr": "26:9F:7D:67:58:31",
                "model": "virtio",
                "queues": 0,
                "rate": 0,
                "tag": -1
              }
            ],
            "nic": "",
            "numa": false,
            "onboot": true,
            "os_network_config": null,
            "os_type": null,
            "pool": "",
            "preprovision": true,
            "qemu_os": "other",
            "scsihw": "virtio-scsi-pci",
            "searchdomain": "",
            "serial": [],
            "sockets": 1,
            "ssh_forward_ip": null,
            "ssh_host": "10.21.10.254",
            "ssh_port": "22",
            "ssh_private_key": null,
            "ssh_user": null,
            "sshkeys": "  ssh-ed25519 AAAAC3NzaC1lZDI1NTE5AAAAIJjM78UyIQWNbMsca2qafeshPflijH8HbbsKuTTZqB1F jon@DESKTOP-SNM4E2E\n  ssh-ed25519 AAAAC3NzaC1lZDI1NTE5AAAAIGlAs2ApLH1sTfDTfYvFDcDS5cyAdkCqcJ28D+4Lpuyo jon@troon\n  ssh-ed25519 AAAAC3NzaC1lZDI1NTE5AAAAIJpASWQUj+UkSv2M4kgxMEeM3oUYtKI54N1CVnwKrk9A root@salt\n\n\n\n",
            "storage": "",
            "storage_type": "",
            "target_node": "p21",
            "vcpus": 0,
            "vga": [],
            "vlan": -1,
            "vmid": 202
          },
          "sensitive_attributes": [],
          "private": "bnVsbA=="
        }
      ]
    },
    {
      "mode": "managed",
      "type": "proxmox_vm_qemu",
      "name": "plex_media_server",
      "provider": "provider[\"registry.terraform.io/telmate/proxmox\"]",
      "instances": [
        {
          "schema_version": 0,
          "attributes": {
            "agent": 1,
            "balloon": 0,
            "bios": "seabios",
            "boot": "cdn",
            "bootdisk": "virtio0",
            "bridge": "",
            "ci_wait": null,
            "cicustom": "user=local:snippets/user-data-cicustom.yaml",
            "cipassword": "",
            "ciuser": "jon",
            "clone": "ubuntu-cloudinit-9003",
            "clone_wait": 15,
            "cores": 4,
            "cpu": "host",
            "define_connection_info": true,
            "desc": "",
            "disk": [
              {
                "backup": false,
                "cache": "none",
                "discard": "",
                "file": "vm-103-disk-0",
                "format": "",
                "iothread": false,
                "mbps": 0,
                "mbps_rd": 0,
                "mbps_rd_max": 0,
                "mbps_wr": 0,
                "mbps_wr_max": 0,
                "media": "",
                "replicate": false,
                "size": "8G",
                "slot": 0,
                "ssd": false,
                "storage": "zfs1",
                "type": "virtio",
                "volume": "zfs1:vm-103-disk-0"
              }
            ],
            "disk_gb": 0,
            "force_create": false,
            "force_recreate_on_change_of": null,
            "full_clone": true,
            "hastate": "",
            "hotplug": "network,disk,usb",
            "id": "p20/qemu/103",
            "ipconfig0": "ip=10.0.0.10/24,gw=10.0.0.1",
            "ipconfig1": "",
            "ipconfig2": "",
            "iso": null,
            "kvm": true,
            "mac": "",
            "memory": 4096,
            "name": "plex",
            "nameserver": "9.9.9.9",
            "network": [
              {
                "bridge": "evpn100",
                "firewall": false,
                "link_down": false,
                "macaddr": "56:72:FF:22:23:F7",
                "model": "virtio",
                "queues": 0,
                "rate": 0,
                "tag": -1
              }
            ],
            "nic": "",
            "numa": false,
            "onboot": true,
            "os_network_config": null,
            "os_type": null,
            "pool": "",
            "preprovision": true,
            "qemu_os": "other",
            "scsihw": "virtio-scsi-pci",
            "searchdomain": "",
            "serial": [],
            "sockets": 1,
            "ssh_forward_ip": null,
            "ssh_host": "10.0.0.10",
            "ssh_port": "22",
            "ssh_private_key": null,
            "ssh_user": null,
            "sshkeys": "  ssh-ed25519 AAAAC3NzaC1lZDI1NTE5AAAAIJjM78UyIQWNbMsca2qafeshPflijH8HbbsKuTTZqB1F jon@DESKTOP-SNM4E2E\n  ssh-ed25519 AAAAC3NzaC1lZDI1NTE5AAAAIGlAs2ApLH1sTfDTfYvFDcDS5cyAdkCqcJ28D+4Lpuyo jon@troon\n  ssh-ed25519 AAAAC3NzaC1lZDI1NTE5AAAAIJpASWQUj+UkSv2M4kgxMEeM3oUYtKI54N1CVnwKrk9A root@salt\n\n\n\n",
            "storage": "",
            "storage_type": "",
            "target_node": "p20",
            "vcpus": 0,
            "vga": [],
            "vlan": -1,
            "vmid": 0
          },
          "sensitive_attributes": [],
          "private": "bnVsbA=="
        }
      ]
    }
  ]
}
